// !$*UTF8*$!
{
	archiveVersion = 1;
	classes = {
	};
	objectVersion = 56;
	objects = {

/* Begin PBXBuildFile section */
		810B33922B3858900051FA55 /* Constants.swift in Sources */ = {isa = PBXBuildFile; fileRef = 810B33912B3858900051FA55 /* Constants.swift */; };
		810B33952B3859B70051FA55 /* Subscription.swift in Sources */ = {isa = PBXBuildFile; fileRef = 810B33942B3859B70051FA55 /* Subscription.swift */; };
		810B33972B385A6A0051FA55 /* ThumbnailsSubscription.swift in Sources */ = {isa = PBXBuildFile; fileRef = 810B33962B385A6A0051FA55 /* ThumbnailsSubscription.swift */; };
		810B339A2B385B7E0051FA55 /* subscription_data_mock.swift in Sources */ = {isa = PBXBuildFile; fileRef = 810B33992B385B7E0051FA55 /* subscription_data_mock.swift */; };
		810B339D2B3861180051FA55 /* SubscriptionView.swift in Sources */ = {isa = PBXBuildFile; fileRef = 810B339C2B3861180051FA55 /* SubscriptionView.swift */; };
		8117EB962B46411200D304D8 /* TiitleAndSubTitle.swift in Sources */ = {isa = PBXBuildFile; fileRef = 8117EB952B46411200D304D8 /* TiitleAndSubTitle.swift */; };
		811B5DD22B371260004AF185 /* Streaming_AmazingApp.swift in Sources */ = {isa = PBXBuildFile; fileRef = 811B5DD12B371260004AF185 /* Streaming_AmazingApp.swift */; };
		811B5DD62B371261004AF185 /* Assets.xcassets in Resources */ = {isa = PBXBuildFile; fileRef = 811B5DD52B371261004AF185 /* Assets.xcassets */; };
		811B5DD92B371261004AF185 /* Preview Assets.xcassets in Resources */ = {isa = PBXBuildFile; fileRef = 811B5DD82B371261004AF185 /* Preview Assets.xcassets */; };
		811B5DED2B371C11004AF185 /* Lato-BlackItalic.ttf in Resources */ = {isa = PBXBuildFile; fileRef = 811B5DE32B371C11004AF185 /* Lato-BlackItalic.ttf */; };
		811B5DEE2B371C11004AF185 /* Lato-Regular.ttf in Resources */ = {isa = PBXBuildFile; fileRef = 811B5DE42B371C11004AF185 /* Lato-Regular.ttf */; };
		811B5DEF2B371C11004AF185 /* Lato-ThinItalic.ttf in Resources */ = {isa = PBXBuildFile; fileRef = 811B5DE52B371C11004AF185 /* Lato-ThinItalic.ttf */; };
		811B5DF02B371C11004AF185 /* Lato-Black.ttf in Resources */ = {isa = PBXBuildFile; fileRef = 811B5DE62B371C11004AF185 /* Lato-Black.ttf */; };
		811B5DF12B371C11004AF185 /* Lato-Italic.ttf in Resources */ = {isa = PBXBuildFile; fileRef = 811B5DE72B371C11004AF185 /* Lato-Italic.ttf */; };
		811B5DF22B371C11004AF185 /* Lato-Light.ttf in Resources */ = {isa = PBXBuildFile; fileRef = 811B5DE82B371C11004AF185 /* Lato-Light.ttf */; };
		811B5DF32B371C11004AF185 /* Lato-Thin.ttf in Resources */ = {isa = PBXBuildFile; fileRef = 811B5DE92B371C11004AF185 /* Lato-Thin.ttf */; };
		811B5DF42B371C11004AF185 /* Lato-Bold.ttf in Resources */ = {isa = PBXBuildFile; fileRef = 811B5DEA2B371C11004AF185 /* Lato-Bold.ttf */; };
		811B5DF52B371C11004AF185 /* Lato-BoldItalic.ttf in Resources */ = {isa = PBXBuildFile; fileRef = 811B5DEB2B371C11004AF185 /* Lato-BoldItalic.ttf */; };
		811B5DF62B371C11004AF185 /* Lato-LightItalic.ttf in Resources */ = {isa = PBXBuildFile; fileRef = 811B5DEC2B371C11004AF185 /* Lato-LightItalic.ttf */; };
		811B5E092B371C22004AF185 /* Poppins-Italic.ttf in Resources */ = {isa = PBXBuildFile; fileRef = 811B5DF72B371C22004AF185 /* Poppins-Italic.ttf */; };
		811B5E0A2B371C22004AF185 /* Poppins-Light.ttf in Resources */ = {isa = PBXBuildFile; fileRef = 811B5DF82B371C22004AF185 /* Poppins-Light.ttf */; };
		811B5E0B2B371C22004AF185 /* Poppins-LightItalic.ttf in Resources */ = {isa = PBXBuildFile; fileRef = 811B5DF92B371C22004AF185 /* Poppins-LightItalic.ttf */; };
		811B5E0C2B371C22004AF185 /* Poppins-SemiBoldItalic.ttf in Resources */ = {isa = PBXBuildFile; fileRef = 811B5DFA2B371C22004AF185 /* Poppins-SemiBoldItalic.ttf */; };
		811B5E0D2B371C22004AF185 /* Poppins-BoldItalic.ttf in Resources */ = {isa = PBXBuildFile; fileRef = 811B5DFB2B371C22004AF185 /* Poppins-BoldItalic.ttf */; };
		811B5E0E2B371C22004AF185 /* Poppins-Thin.ttf in Resources */ = {isa = PBXBuildFile; fileRef = 811B5DFC2B371C22004AF185 /* Poppins-Thin.ttf */; };
		811B5E0F2B371C22004AF185 /* Poppins-Bold.ttf in Resources */ = {isa = PBXBuildFile; fileRef = 811B5DFD2B371C22004AF185 /* Poppins-Bold.ttf */; };
		811B5E102B371C22004AF185 /* Poppins-MediumItalic.ttf in Resources */ = {isa = PBXBuildFile; fileRef = 811B5DFE2B371C22004AF185 /* Poppins-MediumItalic.ttf */; };
		811B5E112B371C22004AF185 /* Poppins-ThinItalic.ttf in Resources */ = {isa = PBXBuildFile; fileRef = 811B5DFF2B371C22004AF185 /* Poppins-ThinItalic.ttf */; };
		811B5E122B371C22004AF185 /* Poppins-Regular.ttf in Resources */ = {isa = PBXBuildFile; fileRef = 811B5E002B371C22004AF185 /* Poppins-Regular.ttf */; };
		811B5E132B371C22004AF185 /* Poppins-SemiBold.ttf in Resources */ = {isa = PBXBuildFile; fileRef = 811B5E012B371C22004AF185 /* Poppins-SemiBold.ttf */; };
		811B5E142B371C22004AF185 /* Poppins-Black.ttf in Resources */ = {isa = PBXBuildFile; fileRef = 811B5E022B371C22004AF185 /* Poppins-Black.ttf */; };
		811B5E152B371C22004AF185 /* Poppins-Medium.ttf in Resources */ = {isa = PBXBuildFile; fileRef = 811B5E032B371C22004AF185 /* Poppins-Medium.ttf */; };
		811B5E162B371C22004AF185 /* Poppins-ExtraLight.ttf in Resources */ = {isa = PBXBuildFile; fileRef = 811B5E042B371C22004AF185 /* Poppins-ExtraLight.ttf */; };
		811B5E172B371C22004AF185 /* Poppins-BlackItalic.ttf in Resources */ = {isa = PBXBuildFile; fileRef = 811B5E052B371C22004AF185 /* Poppins-BlackItalic.ttf */; };
		811B5E182B371C22004AF185 /* Poppins-ExtraBold.ttf in Resources */ = {isa = PBXBuildFile; fileRef = 811B5E062B371C22004AF185 /* Poppins-ExtraBold.ttf */; };
		811B5E192B371C22004AF185 /* Poppins-ExtraBoldItalic.ttf in Resources */ = {isa = PBXBuildFile; fileRef = 811B5E072B371C22004AF185 /* Poppins-ExtraBoldItalic.ttf */; };
		811B5E1A2B371C22004AF185 /* Poppins-ExtraLightItalic.ttf in Resources */ = {isa = PBXBuildFile; fileRef = 811B5E082B371C22004AF185 /* Poppins-ExtraLightItalic.ttf */; };
		811B5E1E2B371E04004AF185 /* ColorsApp.swift in Sources */ = {isa = PBXBuildFile; fileRef = 811B5E1D2B371E04004AF185 /* ColorsApp.swift */; };
		813870002B3A50D000E30BD6 /* HttpClient.swift in Sources */ = {isa = PBXBuildFile; fileRef = 81386FFF2B3A50D000E30BD6 /* HttpClient.swift */; };
		813870042B3A538900E30BD6 /* Alamofire in Frameworks */ = {isa = PBXBuildFile; productRef = 813870032B3A538900E30BD6 /* Alamofire */; };
		813870062B3A565000E30BD6 /* Videos.swift in Sources */ = {isa = PBXBuildFile; fileRef = 813870052B3A565000E30BD6 /* Videos.swift */; };
		8138700A2B3A585400E30BD6 /* ViodeosWithChannelModel.swift in Sources */ = {isa = PBXBuildFile; fileRef = 813870092B3A585400E30BD6 /* ViodeosWithChannelModel.swift */; };
		8138700C2B3A589D00E30BD6 /* LoadingState.swift in Sources */ = {isa = PBXBuildFile; fileRef = 8138700B2B3A589D00E30BD6 /* LoadingState.swift */; };
		8138700F2B3A5BB200E30BD6 /* Channel.swift in Sources */ = {isa = PBXBuildFile; fileRef = 8138700E2B3A5BB200E30BD6 /* Channel.swift */; };
		81494B3B2B3D062100D49731 /* SequenceExtension.swift in Sources */ = {isa = PBXBuildFile; fileRef = 81494B3A2B3D062100D49731 /* SequenceExtension.swift */; };
		816ED3402B49C1D0008AC849 /* BackButton.swift in Sources */ = {isa = PBXBuildFile; fileRef = 816ED33F2B49C1D0008AC849 /* BackButton.swift */; };
		816ED3422B49C590008AC849 /* DoubleExtension.swift in Sources */ = {isa = PBXBuildFile; fileRef = 816ED3412B49C590008AC849 /* DoubleExtension.swift */; };
		816ED3442B49CD51008AC849 /* PlaceHolders.swift in Sources */ = {isa = PBXBuildFile; fileRef = 816ED3432B49CD51008AC849 /* PlaceHolders.swift */; };
		816ED3462B49CDA7008AC849 /* RedacShimmerViewModifier.swift in Sources */ = {isa = PBXBuildFile; fileRef = 816ED3452B49CDA7008AC849 /* RedacShimmerViewModifier.swift */; };
		816ED3482B49CDE0008AC849 /* Shimmer.swift in Sources */ = {isa = PBXBuildFile; fileRef = 816ED3472B49CDE0008AC849 /* Shimmer.swift */; };
		81A8823F2B471C0900A184E8 /* VideoDetails.swift in Sources */ = {isa = PBXBuildFile; fileRef = 81A8823E2B471C0900A184E8 /* VideoDetails.swift */; };
		81A882412B471CE600A184E8 /* VideoDetailsModel.swift in Sources */ = {isa = PBXBuildFile; fileRef = 81A882402B471CE600A184E8 /* VideoDetailsModel.swift */; };
		81C3FEC82B39A17800C30B06 /* VideosWithChannel.swift in Sources */ = {isa = PBXBuildFile; fileRef = 81C3FEC72B39A17800C30B06 /* VideosWithChannel.swift */; };
		81C3FECA2B39A21A00C30B06 /* videosWithChannelMock.swift in Sources */ = {isa = PBXBuildFile; fileRef = 81C3FEC92B39A21A00C30B06 /* videosWithChannelMock.swift */; };
		81C3FECC2B39A3DC00C30B06 /* RowVideosWithChannel.swift in Sources */ = {isa = PBXBuildFile; fileRef = 81C3FECB2B39A3DC00C30B06 /* RowVideosWithChannel.swift */; };
		81C95E2D2B404B3C00671E71 /* SubscriptionModel.swift in Sources */ = {isa = PBXBuildFile; fileRef = 81C95E2C2B404B3C00671E71 /* SubscriptionModel.swift */; };
		81C95E372B40532400671E71 /* GoogleSignIn in Frameworks */ = {isa = PBXBuildFile; productRef = 81C95E362B40532400671E71 /* GoogleSignIn */; };
		81C95E392B40532400671E71 /* GoogleSignInSwift in Frameworks */ = {isa = PBXBuildFile; productRef = 81C95E382B40532400671E71 /* GoogleSignInSwift */; };
		81C95E412B405E2B00671E71 /* User.swift in Sources */ = {isa = PBXBuildFile; fileRef = 81C95E402B405E2B00671E71 /* User.swift */; };
		81C95E432B405E8900671E71 /* UserAuthenticationModel.swift in Sources */ = {isa = PBXBuildFile; fileRef = 81C95E422B405E8900671E71 /* UserAuthenticationModel.swift */; };
		81C95E482B4092AD00671E71 /* SigInScreen.swift in Sources */ = {isa = PBXBuildFile; fileRef = 81C95E472B4092AD00671E71 /* SigInScreen.swift */; };
		81C95E4A2B40969D00671E71 /* ImageExtension.swift in Sources */ = {isa = PBXBuildFile; fileRef = 81C95E492B40969D00671E71 /* ImageExtension.swift */; };
		81C95E4D2B409AC100671E71 /* FontWithLineHeight.swift in Sources */ = {isa = PBXBuildFile; fileRef = 81C95E4C2B409AC100671E71 /* FontWithLineHeight.swift */; };
		81ECCBB22B46D7C4004190AC /* DetailsVideoScreen.swift in Sources */ = {isa = PBXBuildFile; fileRef = 81ECCBB12B46D7C4004190AC /* DetailsVideoScreen.swift */; };
		81ECCBB52B46DAF8004190AC /* YouTubePlayerKit in Frameworks */ = {isa = PBXBuildFile; productRef = 81ECCBB42B46DAF8004190AC /* YouTubePlayerKit */; };
		81EDBA452B37604D004C39E6 /* FontsApp.swift in Sources */ = {isa = PBXBuildFile; fileRef = 81EDBA442B37604D004C39E6 /* FontsApp.swift */; };
		81EDBA472B37660B004C39E6 /* BottomNavigation.swift in Sources */ = {isa = PBXBuildFile; fileRef = 81EDBA462B37660B004C39E6 /* BottomNavigation.swift */; };
		81EDBA4B2B376690004C39E6 /* BottomItemNavigation.swift in Sources */ = {isa = PBXBuildFile; fileRef = 81EDBA4A2B376690004C39E6 /* BottomItemNavigation.swift */; };
		81F6AB152B3767380088F70D /* ContentButtonTabBar.swift in Sources */ = {isa = PBXBuildFile; fileRef = 81F6AB142B3767380088F70D /* ContentButtonTabBar.swift */; };
		81F6AB1A2B3773C90088F70D /* HomeScreen.swift in Sources */ = {isa = PBXBuildFile; fileRef = 81F6AB192B3773C90088F70D /* HomeScreen.swift */; };
		81F6AB1C2B3773E30088F70D /* LiveScreen.swift in Sources */ = {isa = PBXBuildFile; fileRef = 81F6AB1B2B3773E30088F70D /* LiveScreen.swift */; };
		81F6AB1E2B3773FC0088F70D /* ProfileScreen.swift in Sources */ = {isa = PBXBuildFile; fileRef = 81F6AB1D2B3773FC0088F70D /* ProfileScreen.swift */; };
		81F6AB212B3774AF0088F70D /* RootScreen.swift in Sources */ = {isa = PBXBuildFile; fileRef = 81F6AB202B3774AF0088F70D /* RootScreen.swift */; };
/* End PBXBuildFile section */

/* Begin PBXFileReference section */
		810B33912B3858900051FA55 /* Constants.swift */ = {isa = PBXFileReference; lastKnownFileType = sourcecode.swift; path = Constants.swift; sourceTree = "<group>"; };
		810B33942B3859B70051FA55 /* Subscription.swift */ = {isa = PBXFileReference; lastKnownFileType = sourcecode.swift; path = Subscription.swift; sourceTree = "<group>"; };
		810B33962B385A6A0051FA55 /* ThumbnailsSubscription.swift */ = {isa = PBXFileReference; lastKnownFileType = sourcecode.swift; path = ThumbnailsSubscription.swift; sourceTree = "<group>"; };
		810B33992B385B7E0051FA55 /* subscription_data_mock.swift */ = {isa = PBXFileReference; lastKnownFileType = sourcecode.swift; path = subscription_data_mock.swift; sourceTree = "<group>"; };
		810B339C2B3861180051FA55 /* SubscriptionView.swift */ = {isa = PBXFileReference; lastKnownFileType = sourcecode.swift; path = SubscriptionView.swift; sourceTree = "<group>"; };
		8117EB952B46411200D304D8 /* TiitleAndSubTitle.swift */ = {isa = PBXFileReference; lastKnownFileType = sourcecode.swift; path = TiitleAndSubTitle.swift; sourceTree = "<group>"; };
		811B5DCE2B371260004AF185 /* Streaming Amazing.app */ = {isa = PBXFileReference; explicitFileType = wrapper.application; includeInIndex = 0; path = "Streaming Amazing.app"; sourceTree = BUILT_PRODUCTS_DIR; };
		811B5DD12B371260004AF185 /* Streaming_AmazingApp.swift */ = {isa = PBXFileReference; lastKnownFileType = sourcecode.swift; path = Streaming_AmazingApp.swift; sourceTree = "<group>"; };
		811B5DD52B371261004AF185 /* Assets.xcassets */ = {isa = PBXFileReference; lastKnownFileType = folder.assetcatalog; path = Assets.xcassets; sourceTree = "<group>"; };
		811B5DD82B371261004AF185 /* Preview Assets.xcassets */ = {isa = PBXFileReference; lastKnownFileType = folder.assetcatalog; path = "Preview Assets.xcassets"; sourceTree = "<group>"; };
		811B5DE32B371C11004AF185 /* Lato-BlackItalic.ttf */ = {isa = PBXFileReference; lastKnownFileType = file; path = "Lato-BlackItalic.ttf"; sourceTree = "<group>"; };
		811B5DE42B371C11004AF185 /* Lato-Regular.ttf */ = {isa = PBXFileReference; lastKnownFileType = file; path = "Lato-Regular.ttf"; sourceTree = "<group>"; };
		811B5DE52B371C11004AF185 /* Lato-ThinItalic.ttf */ = {isa = PBXFileReference; lastKnownFileType = file; path = "Lato-ThinItalic.ttf"; sourceTree = "<group>"; };
		811B5DE62B371C11004AF185 /* Lato-Black.ttf */ = {isa = PBXFileReference; lastKnownFileType = file; path = "Lato-Black.ttf"; sourceTree = "<group>"; };
		811B5DE72B371C11004AF185 /* Lato-Italic.ttf */ = {isa = PBXFileReference; lastKnownFileType = file; path = "Lato-Italic.ttf"; sourceTree = "<group>"; };
		811B5DE82B371C11004AF185 /* Lato-Light.ttf */ = {isa = PBXFileReference; lastKnownFileType = file; path = "Lato-Light.ttf"; sourceTree = "<group>"; };
		811B5DE92B371C11004AF185 /* Lato-Thin.ttf */ = {isa = PBXFileReference; lastKnownFileType = file; path = "Lato-Thin.ttf"; sourceTree = "<group>"; };
		811B5DEA2B371C11004AF185 /* Lato-Bold.ttf */ = {isa = PBXFileReference; lastKnownFileType = file; path = "Lato-Bold.ttf"; sourceTree = "<group>"; };
		811B5DEB2B371C11004AF185 /* Lato-BoldItalic.ttf */ = {isa = PBXFileReference; lastKnownFileType = file; path = "Lato-BoldItalic.ttf"; sourceTree = "<group>"; };
		811B5DEC2B371C11004AF185 /* Lato-LightItalic.ttf */ = {isa = PBXFileReference; lastKnownFileType = file; path = "Lato-LightItalic.ttf"; sourceTree = "<group>"; };
		811B5DF72B371C22004AF185 /* Poppins-Italic.ttf */ = {isa = PBXFileReference; lastKnownFileType = file; path = "Poppins-Italic.ttf"; sourceTree = "<group>"; };
		811B5DF82B371C22004AF185 /* Poppins-Light.ttf */ = {isa = PBXFileReference; lastKnownFileType = file; path = "Poppins-Light.ttf"; sourceTree = "<group>"; };
		811B5DF92B371C22004AF185 /* Poppins-LightItalic.ttf */ = {isa = PBXFileReference; lastKnownFileType = file; path = "Poppins-LightItalic.ttf"; sourceTree = "<group>"; };
		811B5DFA2B371C22004AF185 /* Poppins-SemiBoldItalic.ttf */ = {isa = PBXFileReference; lastKnownFileType = file; path = "Poppins-SemiBoldItalic.ttf"; sourceTree = "<group>"; };
		811B5DFB2B371C22004AF185 /* Poppins-BoldItalic.ttf */ = {isa = PBXFileReference; lastKnownFileType = file; path = "Poppins-BoldItalic.ttf"; sourceTree = "<group>"; };
		811B5DFC2B371C22004AF185 /* Poppins-Thin.ttf */ = {isa = PBXFileReference; lastKnownFileType = file; path = "Poppins-Thin.ttf"; sourceTree = "<group>"; };
		811B5DFD2B371C22004AF185 /* Poppins-Bold.ttf */ = {isa = PBXFileReference; lastKnownFileType = file; path = "Poppins-Bold.ttf"; sourceTree = "<group>"; };
		811B5DFE2B371C22004AF185 /* Poppins-MediumItalic.ttf */ = {isa = PBXFileReference; lastKnownFileType = file; path = "Poppins-MediumItalic.ttf"; sourceTree = "<group>"; };
		811B5DFF2B371C22004AF185 /* Poppins-ThinItalic.ttf */ = {isa = PBXFileReference; lastKnownFileType = file; path = "Poppins-ThinItalic.ttf"; sourceTree = "<group>"; };
		811B5E002B371C22004AF185 /* Poppins-Regular.ttf */ = {isa = PBXFileReference; lastKnownFileType = file; path = "Poppins-Regular.ttf"; sourceTree = "<group>"; };
		811B5E012B371C22004AF185 /* Poppins-SemiBold.ttf */ = {isa = PBXFileReference; lastKnownFileType = file; path = "Poppins-SemiBold.ttf"; sourceTree = "<group>"; };
		811B5E022B371C22004AF185 /* Poppins-Black.ttf */ = {isa = PBXFileReference; lastKnownFileType = file; path = "Poppins-Black.ttf"; sourceTree = "<group>"; };
		811B5E032B371C22004AF185 /* Poppins-Medium.ttf */ = {isa = PBXFileReference; lastKnownFileType = file; path = "Poppins-Medium.ttf"; sourceTree = "<group>"; };
		811B5E042B371C22004AF185 /* Poppins-ExtraLight.ttf */ = {isa = PBXFileReference; lastKnownFileType = file; path = "Poppins-ExtraLight.ttf"; sourceTree = "<group>"; };
		811B5E052B371C22004AF185 /* Poppins-BlackItalic.ttf */ = {isa = PBXFileReference; lastKnownFileType = file; path = "Poppins-BlackItalic.ttf"; sourceTree = "<group>"; };
		811B5E062B371C22004AF185 /* Poppins-ExtraBold.ttf */ = {isa = PBXFileReference; lastKnownFileType = file; path = "Poppins-ExtraBold.ttf"; sourceTree = "<group>"; };
		811B5E072B371C22004AF185 /* Poppins-ExtraBoldItalic.ttf */ = {isa = PBXFileReference; lastKnownFileType = file; path = "Poppins-ExtraBoldItalic.ttf"; sourceTree = "<group>"; };
		811B5E082B371C22004AF185 /* Poppins-ExtraLightItalic.ttf */ = {isa = PBXFileReference; lastKnownFileType = file; path = "Poppins-ExtraLightItalic.ttf"; sourceTree = "<group>"; };
		811B5E1B2B371C37004AF185 /* Streaming-Amazing-Info.plist */ = {isa = PBXFileReference; lastKnownFileType = text.plist; path = "Streaming-Amazing-Info.plist"; sourceTree = SOURCE_ROOT; };
		811B5E1D2B371E04004AF185 /* ColorsApp.swift */ = {isa = PBXFileReference; lastKnownFileType = sourcecode.swift; path = "\U0010ColorsApp.swift"; sourceTree = "<group>"; };
		81386FFF2B3A50D000E30BD6 /* HttpClient.swift */ = {isa = PBXFileReference; lastKnownFileType = sourcecode.swift; path = HttpClient.swift; sourceTree = "<group>"; };
		813870052B3A565000E30BD6 /* Videos.swift */ = {isa = PBXFileReference; lastKnownFileType = sourcecode.swift; path = Videos.swift; sourceTree = "<group>"; };
		813870092B3A585400E30BD6 /* ViodeosWithChannelModel.swift */ = {isa = PBXFileReference; lastKnownFileType = sourcecode.swift; path = ViodeosWithChannelModel.swift; sourceTree = "<group>"; };
		8138700B2B3A589D00E30BD6 /* LoadingState.swift */ = {isa = PBXFileReference; lastKnownFileType = sourcecode.swift; path = LoadingState.swift; sourceTree = "<group>"; };
		8138700E2B3A5BB200E30BD6 /* Channel.swift */ = {isa = PBXFileReference; lastKnownFileType = sourcecode.swift; path = Channel.swift; sourceTree = "<group>"; };
		81494B3A2B3D062100D49731 /* SequenceExtension.swift */ = {isa = PBXFileReference; lastKnownFileType = sourcecode.swift; path = SequenceExtension.swift; sourceTree = "<group>"; };
		816ED33F2B49C1D0008AC849 /* BackButton.swift */ = {isa = PBXFileReference; lastKnownFileType = sourcecode.swift; path = BackButton.swift; sourceTree = "<group>"; };
		816ED3412B49C590008AC849 /* DoubleExtension.swift */ = {isa = PBXFileReference; lastKnownFileType = sourcecode.swift; path = DoubleExtension.swift; sourceTree = "<group>"; };
		816ED3432B49CD51008AC849 /* PlaceHolders.swift */ = {isa = PBXFileReference; lastKnownFileType = sourcecode.swift; path = PlaceHolders.swift; sourceTree = "<group>"; };
		816ED3452B49CDA7008AC849 /* RedacShimmerViewModifier.swift */ = {isa = PBXFileReference; lastKnownFileType = sourcecode.swift; path = RedacShimmerViewModifier.swift; sourceTree = "<group>"; };
		816ED3472B49CDE0008AC849 /* Shimmer.swift */ = {isa = PBXFileReference; lastKnownFileType = sourcecode.swift; path = Shimmer.swift; sourceTree = "<group>"; };
		81A8823E2B471C0900A184E8 /* VideoDetails.swift */ = {isa = PBXFileReference; lastKnownFileType = sourcecode.swift; path = VideoDetails.swift; sourceTree = "<group>"; };
		81A882402B471CE600A184E8 /* VideoDetailsModel.swift */ = {isa = PBXFileReference; lastKnownFileType = sourcecode.swift; path = VideoDetailsModel.swift; sourceTree = "<group>"; };
		81C3FEC72B39A17800C30B06 /* VideosWithChannel.swift */ = {isa = PBXFileReference; lastKnownFileType = sourcecode.swift; path = VideosWithChannel.swift; sourceTree = "<group>"; };
		81C3FEC92B39A21A00C30B06 /* videosWithChannelMock.swift */ = {isa = PBXFileReference; lastKnownFileType = sourcecode.swift; path = videosWithChannelMock.swift; sourceTree = "<group>"; };
		81C3FECB2B39A3DC00C30B06 /* RowVideosWithChannel.swift */ = {isa = PBXFileReference; lastKnownFileType = sourcecode.swift; path = RowVideosWithChannel.swift; sourceTree = "<group>"; };
		81C95E2C2B404B3C00671E71 /* SubscriptionModel.swift */ = {isa = PBXFileReference; lastKnownFileType = sourcecode.swift; path = SubscriptionModel.swift; sourceTree = "<group>"; };
		81C95E402B405E2B00671E71 /* User.swift */ = {isa = PBXFileReference; lastKnownFileType = sourcecode.swift; path = User.swift; sourceTree = "<group>"; };
		81C95E422B405E8900671E71 /* UserAuthenticationModel.swift */ = {isa = PBXFileReference; lastKnownFileType = sourcecode.swift; path = UserAuthenticationModel.swift; sourceTree = "<group>"; };
		81C95E472B4092AD00671E71 /* SigInScreen.swift */ = {isa = PBXFileReference; lastKnownFileType = sourcecode.swift; path = SigInScreen.swift; sourceTree = "<group>"; };
		81C95E492B40969D00671E71 /* ImageExtension.swift */ = {isa = PBXFileReference; lastKnownFileType = sourcecode.swift; path = ImageExtension.swift; sourceTree = "<group>"; };
		81C95E4C2B409AC100671E71 /* FontWithLineHeight.swift */ = {isa = PBXFileReference; lastKnownFileType = sourcecode.swift; path = FontWithLineHeight.swift; sourceTree = "<group>"; };
		81ECCBB12B46D7C4004190AC /* DetailsVideoScreen.swift */ = {isa = PBXFileReference; lastKnownFileType = sourcecode.swift; path = DetailsVideoScreen.swift; sourceTree = "<group>"; };
		81EDBA442B37604D004C39E6 /* FontsApp.swift */ = {isa = PBXFileReference; lastKnownFileType = sourcecode.swift; path = FontsApp.swift; sourceTree = "<group>"; };
		81EDBA462B37660B004C39E6 /* BottomNavigation.swift */ = {isa = PBXFileReference; lastKnownFileType = sourcecode.swift; path = BottomNavigation.swift; sourceTree = "<group>"; };
		81EDBA4A2B376690004C39E6 /* BottomItemNavigation.swift */ = {isa = PBXFileReference; lastKnownFileType = sourcecode.swift; path = BottomItemNavigation.swift; sourceTree = "<group>"; };
		81F6AB142B3767380088F70D /* ContentButtonTabBar.swift */ = {isa = PBXFileReference; lastKnownFileType = sourcecode.swift; path = ContentButtonTabBar.swift; sourceTree = "<group>"; };
		81F6AB192B3773C90088F70D /* HomeScreen.swift */ = {isa = PBXFileReference; lastKnownFileType = sourcecode.swift; path = HomeScreen.swift; sourceTree = "<group>"; };
		81F6AB1B2B3773E30088F70D /* LiveScreen.swift */ = {isa = PBXFileReference; lastKnownFileType = sourcecode.swift; path = LiveScreen.swift; sourceTree = "<group>"; };
		81F6AB1D2B3773FC0088F70D /* ProfileScreen.swift */ = {isa = PBXFileReference; lastKnownFileType = sourcecode.swift; path = ProfileScreen.swift; sourceTree = "<group>"; };
		81F6AB202B3774AF0088F70D /* RootScreen.swift */ = {isa = PBXFileReference; lastKnownFileType = sourcecode.swift; path = RootScreen.swift; sourceTree = "<group>"; };
/* End PBXFileReference section */

/* Begin PBXFrameworksBuildPhase section */
		811B5DCB2B371260004AF185 /* Frameworks */ = {
			isa = PBXFrameworksBuildPhase;
			buildActionMask = 2147483647;
			files = (
				81C95E392B40532400671E71 /* GoogleSignInSwift in Frameworks */,
				813870042B3A538900E30BD6 /* Alamofire in Frameworks */,
				81ECCBB52B46DAF8004190AC /* YouTubePlayerKit in Frameworks */,
				81C95E372B40532400671E71 /* GoogleSignIn in Frameworks */,
			);
			runOnlyForDeploymentPostprocessing = 0;
		};
/* End PBXFrameworksBuildPhase section */

/* Begin PBXGroup section */
		810B33902B3858570051FA55 /* Utility */ = {
			isa = PBXGroup;
			children = (
				810B33912B3858900051FA55 /* Constants.swift */,
				8138700B2B3A589D00E30BD6 /* LoadingState.swift */,
			);
			path = Utility;
			sourceTree = "<group>";
		};
		810B33932B3859970051FA55 /* Models */ = {
			isa = PBXGroup;
			children = (
				81A8823D2B471BE600A184E8 /* VideoDetails */,
				81C95E3A2B4053A700671E71 /* User */,
				8138700D2B3A5B9200E30BD6 /* Channel */,
				81386FFD2B3A4F4100E30BD6 /* VideosWithChannel */,
				81386FFC2B3A4F2000E30BD6 /* Thumbnails */,
				81386FFB2B3A4F0300E30BD6 /* Subscription */,
			);
			path = "\U0010Models";
			sourceTree = "<group>";
		};
		810B33982B385B500051FA55 /* Mock */ = {
			isa = PBXGroup;
			children = (
				810B33992B385B7E0051FA55 /* subscription_data_mock.swift */,
				81C3FEC92B39A21A00C30B06 /* videosWithChannelMock.swift */,
			);
			path = Mock;
			sourceTree = "<group>";
		};
		810B339B2B3860CA0051FA55 /* View */ = {
			isa = PBXGroup;
			children = (
				810B339C2B3861180051FA55 /* SubscriptionView.swift */,
				81C3FECB2B39A3DC00C30B06 /* RowVideosWithChannel.swift */,
			);
			path = View;
			sourceTree = "<group>";
		};
		8117EB922B4640BF00D304D8 /* View */ = {
			isa = PBXGroup;
			children = (
				8117EB952B46411200D304D8 /* TiitleAndSubTitle.swift */,
			);
			path = View;
			sourceTree = "<group>";
		};
		811B5DC52B371260004AF185 = {
			isa = PBXGroup;
			children = (
				811B5E1B2B371C37004AF185 /* Streaming-Amazing-Info.plist */,
				811B5DD02B371260004AF185 /* Streaming Amazing */,
				811B5DCF2B371260004AF185 /* Products */,
			);
			sourceTree = "<group>";
		};
		811B5DCF2B371260004AF185 /* Products */ = {
			isa = PBXGroup;
			children = (
				811B5DCE2B371260004AF185 /* Streaming Amazing.app */,
			);
			name = Products;
			sourceTree = "<group>";
		};
		811B5DD02B371260004AF185 /* Streaming Amazing */ = {
			isa = PBXGroup;
			children = (
				816ED33E2B49C1B9008AC849 /* Views */,
				81C95E4B2B409A7F00671E71 /* Modifiers */,
				812D90042B3BB5B000896094 /* Extension */,
				81386FFE2B3A504500E30BD6 /* Client */,
				810B33982B385B500051FA55 /* Mock */,
				810B33932B3859970051FA55 /* Models */,
				810B33902B3858570051FA55 /* Utility */,
				811B5DE02B371B8C004AF185 /* Screens */,
				811B5DDF2B371B80004AF185 /* Theme */,
				811B5DD72B371261004AF185 /* Preview Content */,
				811B5DD12B371260004AF185 /* Streaming_AmazingApp.swift */,
				811B5DD52B371261004AF185 /* Assets.xcassets */,
			);
			path = "Streaming Amazing";
			sourceTree = "<group>";
		};
		811B5DD72B371261004AF185 /* Preview Content */ = {
			isa = PBXGroup;
			children = (
				811B5DD82B371261004AF185 /* Preview Assets.xcassets */,
			);
			path = "Preview Content";
			sourceTree = "<group>";
		};
		811B5DDF2B371B80004AF185 /* Theme */ = {
			isa = PBXGroup;
			children = (
				811B5DE22B371BB5004AF185 /* fonts */,
				811B5E1D2B371E04004AF185 /* ColorsApp.swift */,
				81EDBA442B37604D004C39E6 /* FontsApp.swift */,
			);
			path = Theme;
			sourceTree = "<group>";
		};
		811B5DE02B371B8C004AF185 /* Screens */ = {
			isa = PBXGroup;
			children = (
				81ECCBB02B46D7A2004190AC /* DetailsVideo */,
				81C95E442B40926F00671E71 /* SigIn */,
				81F6AB1F2B3774890088F70D /* Root */,
				81F6AB182B3773AD0088F70D /* Profille */,
				81F6AB172B37739F0088F70D /* Live */,
				81F6AB162B3773920088F70D /* Home */,
				81EDBA482B376657004C39E6 /* BottomNavigation */,
			);
			path = Screens;
			sourceTree = "<group>";
		};
		811B5DE22B371BB5004AF185 /* fonts */ = {
			isa = PBXGroup;
			children = (
				811B5E022B371C22004AF185 /* Poppins-Black.ttf */,
				811B5E052B371C22004AF185 /* Poppins-BlackItalic.ttf */,
				811B5DFD2B371C22004AF185 /* Poppins-Bold.ttf */,
				811B5DFB2B371C22004AF185 /* Poppins-BoldItalic.ttf */,
				811B5E062B371C22004AF185 /* Poppins-ExtraBold.ttf */,
				811B5E072B371C22004AF185 /* Poppins-ExtraBoldItalic.ttf */,
				811B5E042B371C22004AF185 /* Poppins-ExtraLight.ttf */,
				811B5E082B371C22004AF185 /* Poppins-ExtraLightItalic.ttf */,
				811B5DF72B371C22004AF185 /* Poppins-Italic.ttf */,
				811B5DF82B371C22004AF185 /* Poppins-Light.ttf */,
				811B5DF92B371C22004AF185 /* Poppins-LightItalic.ttf */,
				811B5E032B371C22004AF185 /* Poppins-Medium.ttf */,
				811B5DFE2B371C22004AF185 /* Poppins-MediumItalic.ttf */,
				811B5E002B371C22004AF185 /* Poppins-Regular.ttf */,
				811B5E012B371C22004AF185 /* Poppins-SemiBold.ttf */,
				811B5DFA2B371C22004AF185 /* Poppins-SemiBoldItalic.ttf */,
				811B5DFC2B371C22004AF185 /* Poppins-Thin.ttf */,
				811B5DFF2B371C22004AF185 /* Poppins-ThinItalic.ttf */,
				811B5DE62B371C11004AF185 /* Lato-Black.ttf */,
				811B5DE32B371C11004AF185 /* Lato-BlackItalic.ttf */,
				811B5DEA2B371C11004AF185 /* Lato-Bold.ttf */,
				811B5DEB2B371C11004AF185 /* Lato-BoldItalic.ttf */,
				811B5DE72B371C11004AF185 /* Lato-Italic.ttf */,
				811B5DE82B371C11004AF185 /* Lato-Light.ttf */,
				811B5DEC2B371C11004AF185 /* Lato-LightItalic.ttf */,
				811B5DE42B371C11004AF185 /* Lato-Regular.ttf */,
				811B5DE92B371C11004AF185 /* Lato-Thin.ttf */,
				811B5DE52B371C11004AF185 /* Lato-ThinItalic.ttf */,
			);
			path = fonts;
			sourceTree = "<group>";
		};
		812D90042B3BB5B000896094 /* Extension */ = {
			isa = PBXGroup;
			children = (
				81494B3A2B3D062100D49731 /* SequenceExtension.swift */,
				81C95E492B40969D00671E71 /* ImageExtension.swift */,
				816ED3412B49C590008AC849 /* DoubleExtension.swift */,
			);
			path = Extension;
			sourceTree = "<group>";
		};
		81386FFB2B3A4F0300E30BD6 /* Subscription */ = {
			isa = PBXGroup;
			children = (
				810B33942B3859B70051FA55 /* Subscription.swift */,
				81C95E2C2B404B3C00671E71 /* SubscriptionModel.swift */,
			);
			path = Subscription;
			sourceTree = "<group>";
		};
		81386FFC2B3A4F2000E30BD6 /* Thumbnails */ = {
			isa = PBXGroup;
			children = (
				810B33962B385A6A0051FA55 /* ThumbnailsSubscription.swift */,
			);
			path = Thumbnails;
			sourceTree = "<group>";
		};
		81386FFD2B3A4F4100E30BD6 /* VideosWithChannel */ = {
			isa = PBXGroup;
			children = (
				813870052B3A565000E30BD6 /* Videos.swift */,
				81C3FEC72B39A17800C30B06 /* VideosWithChannel.swift */,
				813870092B3A585400E30BD6 /* ViodeosWithChannelModel.swift */,
			);
			path = VideosWithChannel;
			sourceTree = "<group>";
		};
		81386FFE2B3A504500E30BD6 /* Client */ = {
			isa = PBXGroup;
			children = (
				81386FFF2B3A50D000E30BD6 /* HttpClient.swift */,
			);
			path = Client;
			sourceTree = "<group>";
		};
		8138700D2B3A5B9200E30BD6 /* Channel */ = {
			isa = PBXGroup;
			children = (
				8138700E2B3A5BB200E30BD6 /* Channel.swift */,
			);
			path = Channel;
			sourceTree = "<group>";
		};
		816ED33E2B49C1B9008AC849 /* Views */ = {
			isa = PBXGroup;
			children = (
				816ED33F2B49C1D0008AC849 /* BackButton.swift */,
				816ED3432B49CD51008AC849 /* PlaceHolders.swift */,
			);
			path = Views;
			sourceTree = "<group>";
		};
		81A8823D2B471BE600A184E8 /* VideoDetails */ = {
			isa = PBXGroup;
			children = (
				81A8823E2B471C0900A184E8 /* VideoDetails.swift */,
				81A882402B471CE600A184E8 /* VideoDetailsModel.swift */,
			);
			path = VideoDetails;
			sourceTree = "<group>";
		};
		81C95E3A2B4053A700671E71 /* User */ = {
			isa = PBXGroup;
			children = (
				81C95E402B405E2B00671E71 /* User.swift */,
				81C95E422B405E8900671E71 /* UserAuthenticationModel.swift */,
			);
			path = User;
			sourceTree = "<group>";
		};
		81C95E442B40926F00671E71 /* SigIn */ = {
			isa = PBXGroup;
			children = (
				81C95E472B4092AD00671E71 /* SigInScreen.swift */,
			);
			path = SigIn;
			sourceTree = "<group>";
		};
		81C95E4B2B409A7F00671E71 /* Modifiers */ = {
			isa = PBXGroup;
			children = (
				81C95E4C2B409AC100671E71 /* FontWithLineHeight.swift */,
				816ED3452B49CDA7008AC849 /* RedacShimmerViewModifier.swift */,
				816ED3472B49CDE0008AC849 /* Shimmer.swift */,
			);
			path = Modifiers;
			sourceTree = "<group>";
		};
		81ECCBB02B46D7A2004190AC /* DetailsVideo */ = {
			isa = PBXGroup;
			children = (
				81ECCBB12B46D7C4004190AC /* DetailsVideoScreen.swift */,
			);
			path = DetailsVideo;
			sourceTree = "<group>";
		};
		81EDBA482B376657004C39E6 /* BottomNavigation */ = {
			isa = PBXGroup;
			children = (
				81EDBA492B376669004C39E6 /* view */,
				81EDBA462B37660B004C39E6 /* BottomNavigation.swift */,
			);
			path = BottomNavigation;
			sourceTree = "<group>";
		};
		81EDBA492B376669004C39E6 /* view */ = {
			isa = PBXGroup;
			children = (
				81EDBA4A2B376690004C39E6 /* BottomItemNavigation.swift */,
				81F6AB142B3767380088F70D /* ContentButtonTabBar.swift */,
			);
			path = view;
			sourceTree = "<group>";
		};
		81F6AB162B3773920088F70D /* Home */ = {
			isa = PBXGroup;
			children = (
				810B339B2B3860CA0051FA55 /* View */,
				81F6AB192B3773C90088F70D /* HomeScreen.swift */,
			);
			path = Home;
			sourceTree = "<group>";
		};
		81F6AB172B37739F0088F70D /* Live */ = {
			isa = PBXGroup;
			children = (
				81F6AB1B2B3773E30088F70D /* LiveScreen.swift */,
			);
			path = "\U0010Live";
			sourceTree = "<group>";
		};
		81F6AB182B3773AD0088F70D /* Profille */ = {
			isa = PBXGroup;
			children = (
				8117EB922B4640BF00D304D8 /* View */,
				81F6AB1D2B3773FC0088F70D /* ProfileScreen.swift */,
			);
			path = Profille;
			sourceTree = "<group>";
		};
		81F6AB1F2B3774890088F70D /* Root */ = {
			isa = PBXGroup;
			children = (
				81F6AB202B3774AF0088F70D /* RootScreen.swift */,
			);
			path = Root;
			sourceTree = "<group>";
		};
/* End PBXGroup section */

/* Begin PBXNativeTarget section */
		811B5DCD2B371260004AF185 /* Streaming Amazing */ = {
			isa = PBXNativeTarget;
			buildConfigurationList = 811B5DDC2B371261004AF185 /* Build configuration list for PBXNativeTarget "Streaming Amazing" */;
			buildPhases = (
				811B5DCA2B371260004AF185 /* Sources */,
				811B5DCB2B371260004AF185 /* Frameworks */,
				811B5DCC2B371260004AF185 /* Resources */,
				811B5E202B372480004AF185 /* swiftlint */,
				81EDBA432B375F5D004C39E6 /* swiftformat */,
			);
			buildRules = (
			);
			dependencies = (
			);
			name = "Streaming Amazing";
			packageProductDependencies = (
				813870032B3A538900E30BD6 /* Alamofire */,
				81C95E362B40532400671E71 /* GoogleSignIn */,
				81C95E382B40532400671E71 /* GoogleSignInSwift */,
				81ECCBB42B46DAF8004190AC /* YouTubePlayerKit */,
			);
			productName = "Streaming Amazing";
			productReference = 811B5DCE2B371260004AF185 /* Streaming Amazing.app */;
			productType = "com.apple.product-type.application";
		};
/* End PBXNativeTarget section */

/* Begin PBXProject section */
		811B5DC62B371260004AF185 /* Project object */ = {
			isa = PBXProject;
			attributes = {
				BuildIndependentTargetsInParallel = 1;
				LastSwiftUpdateCheck = 1500;
				LastUpgradeCheck = 1500;
				TargetAttributes = {
					811B5DCD2B371260004AF185 = {
						CreatedOnToolsVersion = 15.0;
					};
				};
			};
			buildConfigurationList = 811B5DC92B371260004AF185 /* Build configuration list for PBXProject "Streaming Amazing" */;
			compatibilityVersion = "Xcode 14.0";
			developmentRegion = en;
			hasScannedForEncodings = 0;
			knownRegions = (
				en,
				Base,
			);
			mainGroup = 811B5DC52B371260004AF185;
			packageReferences = (
				813870022B3A538900E30BD6 /* XCRemoteSwiftPackageReference "Alamofire" */,
				81C95E352B40532300671E71 /* XCRemoteSwiftPackageReference "GoogleSignIn-iOS" */,
				81ECCBB32B46DAF8004190AC /* XCRemoteSwiftPackageReference "YouTubePlayerKit" */,
			);
			productRefGroup = 811B5DCF2B371260004AF185 /* Products */;
			projectDirPath = "";
			projectRoot = "";
			targets = (
				811B5DCD2B371260004AF185 /* Streaming Amazing */,
			);
		};
/* End PBXProject section */

/* Begin PBXResourcesBuildPhase section */
		811B5DCC2B371260004AF185 /* Resources */ = {
			isa = PBXResourcesBuildPhase;
			buildActionMask = 2147483647;
			files = (
				811B5E142B371C22004AF185 /* Poppins-Black.ttf in Resources */,
				811B5DD92B371261004AF185 /* Preview Assets.xcassets in Resources */,
				811B5E0C2B371C22004AF185 /* Poppins-SemiBoldItalic.ttf in Resources */,
				811B5E0B2B371C22004AF185 /* Poppins-LightItalic.ttf in Resources */,
				811B5E152B371C22004AF185 /* Poppins-Medium.ttf in Resources */,
				811B5E0E2B371C22004AF185 /* Poppins-Thin.ttf in Resources */,
				811B5DF42B371C11004AF185 /* Lato-Bold.ttf in Resources */,
				811B5DF32B371C11004AF185 /* Lato-Thin.ttf in Resources */,
				811B5E0F2B371C22004AF185 /* Poppins-Bold.ttf in Resources */,
				811B5DF12B371C11004AF185 /* Lato-Italic.ttf in Resources */,
				811B5DF52B371C11004AF185 /* Lato-BoldItalic.ttf in Resources */,
				811B5E102B371C22004AF185 /* Poppins-MediumItalic.ttf in Resources */,
				811B5E1A2B371C22004AF185 /* Poppins-ExtraLightItalic.ttf in Resources */,
				811B5E162B371C22004AF185 /* Poppins-ExtraLight.ttf in Resources */,
				811B5DD62B371261004AF185 /* Assets.xcassets in Resources */,
				811B5DEF2B371C11004AF185 /* Lato-ThinItalic.ttf in Resources */,
				811B5E112B371C22004AF185 /* Poppins-ThinItalic.ttf in Resources */,
				811B5E172B371C22004AF185 /* Poppins-BlackItalic.ttf in Resources */,
				811B5E0D2B371C22004AF185 /* Poppins-BoldItalic.ttf in Resources */,
				811B5E0A2B371C22004AF185 /* Poppins-Light.ttf in Resources */,
				811B5E092B371C22004AF185 /* Poppins-Italic.ttf in Resources */,
				811B5DF62B371C11004AF185 /* Lato-LightItalic.ttf in Resources */,
				811B5DED2B371C11004AF185 /* Lato-BlackItalic.ttf in Resources */,
				811B5DF02B371C11004AF185 /* Lato-Black.ttf in Resources */,
				811B5E122B371C22004AF185 /* Poppins-Regular.ttf in Resources */,
				811B5E182B371C22004AF185 /* Poppins-ExtraBold.ttf in Resources */,
				811B5DEE2B371C11004AF185 /* Lato-Regular.ttf in Resources */,
				811B5E132B371C22004AF185 /* Poppins-SemiBold.ttf in Resources */,
				811B5DF22B371C11004AF185 /* Lato-Light.ttf in Resources */,
				811B5E192B371C22004AF185 /* Poppins-ExtraBoldItalic.ttf in Resources */,
			);
			runOnlyForDeploymentPostprocessing = 0;
		};
/* End PBXResourcesBuildPhase section */

/* Begin PBXShellScriptBuildPhase section */
		811B5E202B372480004AF185 /* swiftlint */ = {
			isa = PBXShellScriptBuildPhase;
			buildActionMask = 2147483647;
			files = (
			);
			inputFileListPaths = (
			);
			inputPaths = (
			);
			name = swiftlint;
			outputFileListPaths = (
			);
			outputPaths = (
			);
			runOnlyForDeploymentPostprocessing = 0;
			shellPath = /bin/sh;
			shellScript = "export PATH=\"$PATH:/opt/homebrew/bin\"\nif which swiftformat > /dev/null; then\n  swiftlint \nelse\n  echo \"warning: swiftlint not installed\"\nfi\n";
		};
		81EDBA432B375F5D004C39E6 /* swiftformat */ = {
			isa = PBXShellScriptBuildPhase;
			buildActionMask = 2147483647;
			files = (
			);
			inputFileListPaths = (
			);
			inputPaths = (
			);
			name = swiftformat;
			outputFileListPaths = (
			);
			outputPaths = (
			);
			runOnlyForDeploymentPostprocessing = 0;
			shellPath = /bin/sh;
			shellScript = "export PATH=\"/opt/homebrew/bin:$PATH\"\nif which swiftformat > /dev/null; then\n  swiftformat .\nelse\n  echo \"warning: SwiftFormat not installed, download from https://github.com/nicklockwood/SwiftFormat\"\nfi\n\n";
		};
/* End PBXShellScriptBuildPhase section */

/* Begin PBXSourcesBuildPhase section */
		811B5DCA2B371260004AF185 /* Sources */ = {
			isa = PBXSourcesBuildPhase;
			buildActionMask = 2147483647;
			files = (
				81C95E432B405E8900671E71 /* UserAuthenticationModel.swift in Sources */,
				81C95E412B405E2B00671E71 /* User.swift in Sources */,
				81494B3B2B3D062100D49731 /* SequenceExtension.swift in Sources */,
				8138700C2B3A589D00E30BD6 /* LoadingState.swift in Sources */,
				810B339A2B385B7E0051FA55 /* subscription_data_mock.swift in Sources */,
				81EDBA452B37604D004C39E6 /* FontsApp.swift in Sources */,
				81C95E482B4092AD00671E71 /* SigInScreen.swift in Sources */,
				810B33922B3858900051FA55 /* Constants.swift in Sources */,
				816ED3442B49CD51008AC849 /* PlaceHolders.swift in Sources */,
				81EDBA4B2B376690004C39E6 /* BottomItemNavigation.swift in Sources */,
				81F6AB212B3774AF0088F70D /* RootScreen.swift in Sources */,
				810B33952B3859B70051FA55 /* Subscription.swift in Sources */,
				81C95E4D2B409AC100671E71 /* FontWithLineHeight.swift in Sources */,
				816ED3422B49C590008AC849 /* DoubleExtension.swift in Sources */,
				81A8823F2B471C0900A184E8 /* VideoDetails.swift in Sources */,
				81EDBA472B37660B004C39E6 /* BottomNavigation.swift in Sources */,
				81C3FEC82B39A17800C30B06 /* VideosWithChannel.swift in Sources */,
				813870002B3A50D000E30BD6 /* HttpClient.swift in Sources */,
				810B33972B385A6A0051FA55 /* ThumbnailsSubscription.swift in Sources */,
				81ECCBB22B46D7C4004190AC /* DetailsVideoScreen.swift in Sources */,
				81C95E4A2B40969D00671E71 /* ImageExtension.swift in Sources */,
				816ED3402B49C1D0008AC849 /* BackButton.swift in Sources */,
				810B339D2B3861180051FA55 /* SubscriptionView.swift in Sources */,
				81F6AB1A2B3773C90088F70D /* HomeScreen.swift in Sources */,
				8138700A2B3A585400E30BD6 /* ViodeosWithChannelModel.swift in Sources */,
				81C95E2D2B404B3C00671E71 /* SubscriptionModel.swift in Sources */,
				811B5E1E2B371E04004AF185 /* ColorsApp.swift in Sources */,
				816ED3482B49CDE0008AC849 /* Shimmer.swift in Sources */,
				81A882412B471CE600A184E8 /* VideoDetailsModel.swift in Sources */,
				813870062B3A565000E30BD6 /* Videos.swift in Sources */,
				8117EB962B46411200D304D8 /* TiitleAndSubTitle.swift in Sources */,
				81C3FECC2B39A3DC00C30B06 /* RowVideosWithChannel.swift in Sources */,
				81F6AB1C2B3773E30088F70D /* LiveScreen.swift in Sources */,
				81F6AB152B3767380088F70D /* ContentButtonTabBar.swift in Sources */,
				816ED3462B49CDA7008AC849 /* RedacShimmerViewModifier.swift in Sources */,
				8138700F2B3A5BB200E30BD6 /* Channel.swift in Sources */,
				811B5DD22B371260004AF185 /* Streaming_AmazingApp.swift in Sources */,
				81C3FECA2B39A21A00C30B06 /* videosWithChannelMock.swift in Sources */,
				81F6AB1E2B3773FC0088F70D /* ProfileScreen.swift in Sources */,
			);
			runOnlyForDeploymentPostprocessing = 0;
		};
/* End PBXSourcesBuildPhase section */

/* Begin XCBuildConfiguration section */
		811B5DDA2B371261004AF185 /* Debug */ = {
			isa = XCBuildConfiguration;
			buildSettings = {
				ALWAYS_SEARCH_USER_PATHS = NO;
				ASSETCATALOG_COMPILER_GENERATE_SWIFT_ASSET_SYMBOL_EXTENSIONS = YES;
				CLANG_ANALYZER_NONNULL = YES;
				CLANG_ANALYZER_NUMBER_OBJECT_CONVERSION = YES_AGGRESSIVE;
				CLANG_CXX_LANGUAGE_STANDARD = "gnu++20";
				CLANG_ENABLE_MODULES = YES;
				CLANG_ENABLE_OBJC_ARC = YES;
				CLANG_ENABLE_OBJC_WEAK = YES;
				CLANG_WARN_BLOCK_CAPTURE_AUTORELEASING = YES;
				CLANG_WARN_BOOL_CONVERSION = YES;
				CLANG_WARN_COMMA = YES;
				CLANG_WARN_CONSTANT_CONVERSION = YES;
				CLANG_WARN_DEPRECATED_OBJC_IMPLEMENTATIONS = YES;
				CLANG_WARN_DIRECT_OBJC_ISA_USAGE = YES_ERROR;
				CLANG_WARN_DOCUMENTATION_COMMENTS = YES;
				CLANG_WARN_EMPTY_BODY = YES;
				CLANG_WARN_ENUM_CONVERSION = YES;
				CLANG_WARN_INFINITE_RECURSION = YES;
				CLANG_WARN_INT_CONVERSION = YES;
				CLANG_WARN_NON_LITERAL_NULL_CONVERSION = YES;
				CLANG_WARN_OBJC_IMPLICIT_RETAIN_SELF = YES;
				CLANG_WARN_OBJC_LITERAL_CONVERSION = YES;
				CLANG_WARN_OBJC_ROOT_CLASS = YES_ERROR;
				CLANG_WARN_QUOTED_INCLUDE_IN_FRAMEWORK_HEADER = YES;
				CLANG_WARN_RANGE_LOOP_ANALYSIS = YES;
				CLANG_WARN_STRICT_PROTOTYPES = YES;
				CLANG_WARN_SUSPICIOUS_MOVE = YES;
				CLANG_WARN_UNGUARDED_AVAILABILITY = YES_AGGRESSIVE;
				CLANG_WARN_UNREACHABLE_CODE = YES;
				CLANG_WARN__DUPLICATE_METHOD_MATCH = YES;
				COPY_PHASE_STRIP = NO;
				DEBUG_INFORMATION_FORMAT = dwarf;
				ENABLE_STRICT_OBJC_MSGSEND = YES;
				ENABLE_TESTABILITY = YES;
				ENABLE_USER_SCRIPT_SANDBOXING = YES;
				GCC_C_LANGUAGE_STANDARD = gnu17;
				GCC_DYNAMIC_NO_PIC = NO;
				GCC_NO_COMMON_BLOCKS = YES;
				GCC_OPTIMIZATION_LEVEL = 0;
				GCC_PREPROCESSOR_DEFINITIONS = (
					"DEBUG=1",
					"$(inherited)",
				);
				GCC_WARN_64_TO_32_BIT_CONVERSION = YES;
				GCC_WARN_ABOUT_RETURN_TYPE = YES_ERROR;
				GCC_WARN_UNDECLARED_SELECTOR = YES;
				GCC_WARN_UNINITIALIZED_AUTOS = YES_AGGRESSIVE;
				GCC_WARN_UNUSED_FUNCTION = YES;
				GCC_WARN_UNUSED_VARIABLE = YES;
				IPHONEOS_DEPLOYMENT_TARGET = 17.0;
				LOCALIZATION_PREFERS_STRING_CATALOGS = YES;
				MTL_ENABLE_DEBUG_INFO = INCLUDE_SOURCE;
				MTL_FAST_MATH = YES;
				ONLY_ACTIVE_ARCH = YES;
				SDKROOT = iphoneos;
				SWIFT_ACTIVE_COMPILATION_CONDITIONS = "DEBUG $(inherited)";
				SWIFT_OPTIMIZATION_LEVEL = "-Onone";
			};
			name = Debug;
		};
		811B5DDB2B371261004AF185 /* Release */ = {
			isa = XCBuildConfiguration;
			buildSettings = {
				ALWAYS_SEARCH_USER_PATHS = NO;
				ASSETCATALOG_COMPILER_GENERATE_SWIFT_ASSET_SYMBOL_EXTENSIONS = YES;
				CLANG_ANALYZER_NONNULL = YES;
				CLANG_ANALYZER_NUMBER_OBJECT_CONVERSION = YES_AGGRESSIVE;
				CLANG_CXX_LANGUAGE_STANDARD = "gnu++20";
				CLANG_ENABLE_MODULES = YES;
				CLANG_ENABLE_OBJC_ARC = YES;
				CLANG_ENABLE_OBJC_WEAK = YES;
				CLANG_WARN_BLOCK_CAPTURE_AUTORELEASING = YES;
				CLANG_WARN_BOOL_CONVERSION = YES;
				CLANG_WARN_COMMA = YES;
				CLANG_WARN_CONSTANT_CONVERSION = YES;
				CLANG_WARN_DEPRECATED_OBJC_IMPLEMENTATIONS = YES;
				CLANG_WARN_DIRECT_OBJC_ISA_USAGE = YES_ERROR;
				CLANG_WARN_DOCUMENTATION_COMMENTS = YES;
				CLANG_WARN_EMPTY_BODY = YES;
				CLANG_WARN_ENUM_CONVERSION = YES;
				CLANG_WARN_INFINITE_RECURSION = YES;
				CLANG_WARN_INT_CONVERSION = YES;
				CLANG_WARN_NON_LITERAL_NULL_CONVERSION = YES;
				CLANG_WARN_OBJC_IMPLICIT_RETAIN_SELF = YES;
				CLANG_WARN_OBJC_LITERAL_CONVERSION = YES;
				CLANG_WARN_OBJC_ROOT_CLASS = YES_ERROR;
				CLANG_WARN_QUOTED_INCLUDE_IN_FRAMEWORK_HEADER = YES;
				CLANG_WARN_RANGE_LOOP_ANALYSIS = YES;
				CLANG_WARN_STRICT_PROTOTYPES = YES;
				CLANG_WARN_SUSPICIOUS_MOVE = YES;
				CLANG_WARN_UNGUARDED_AVAILABILITY = YES_AGGRESSIVE;
				CLANG_WARN_UNREACHABLE_CODE = YES;
				CLANG_WARN__DUPLICATE_METHOD_MATCH = YES;
				COPY_PHASE_STRIP = NO;
				DEBUG_INFORMATION_FORMAT = "dwarf-with-dsym";
				ENABLE_NS_ASSERTIONS = NO;
				ENABLE_STRICT_OBJC_MSGSEND = YES;
				ENABLE_USER_SCRIPT_SANDBOXING = YES;
				GCC_C_LANGUAGE_STANDARD = gnu17;
				GCC_NO_COMMON_BLOCKS = YES;
				GCC_WARN_64_TO_32_BIT_CONVERSION = YES;
				GCC_WARN_ABOUT_RETURN_TYPE = YES_ERROR;
				GCC_WARN_UNDECLARED_SELECTOR = YES;
				GCC_WARN_UNINITIALIZED_AUTOS = YES_AGGRESSIVE;
				GCC_WARN_UNUSED_FUNCTION = YES;
				GCC_WARN_UNUSED_VARIABLE = YES;
				IPHONEOS_DEPLOYMENT_TARGET = 17.0;
				LOCALIZATION_PREFERS_STRING_CATALOGS = YES;
				MTL_ENABLE_DEBUG_INFO = NO;
				MTL_FAST_MATH = YES;
				SDKROOT = iphoneos;
				SWIFT_COMPILATION_MODE = wholemodule;
				VALIDATE_PRODUCT = YES;
			};
			name = Release;
		};
		811B5DDD2B371261004AF185 /* Debug */ = {
			isa = XCBuildConfiguration;
			buildSettings = {
				ASSETCATALOG_COMPILER_APPICON_NAME = AppIcon;
				ASSETCATALOG_COMPILER_GLOBAL_ACCENT_COLOR_NAME = AccentColor;
				CODE_SIGN_STYLE = Automatic;
				CURRENT_PROJECT_VERSION = 1;
				DEVELOPMENT_ASSET_PATHS = "\"Streaming Amazing/Preview Content\"";
				DEVELOPMENT_TEAM = 7LW2N5TNNW;
				ENABLE_PREVIEWS = YES;
				ENABLE_USER_SCRIPT_SANDBOXING = NO;
				GENERATE_INFOPLIST_FILE = YES;
				INFOPLIST_FILE = "Streaming-Amazing-Info.plist";
				INFOPLIST_KEY_UIApplicationSceneManifest_Generation = YES;
				INFOPLIST_KEY_UIApplicationSupportsIndirectInputEvents = YES;
				INFOPLIST_KEY_UILaunchScreen_Generation = YES;
				INFOPLIST_KEY_UISupportedInterfaceOrientations = UIInterfaceOrientationPortrait;
				INFOPLIST_KEY_UISupportedInterfaceOrientations_iPad = "UIInterfaceOrientationLandscapeLeft UIInterfaceOrientationLandscapeRight UIInterfaceOrientationPortrait UIInterfaceOrientationPortraitUpsideDown";
				INFOPLIST_KEY_UIUserInterfaceStyle = Light;
				LD_RUNPATH_SEARCH_PATHS = (
					"$(inherited)",
					"@executable_path/Frameworks",
				);
				MARKETING_VERSION = 1.0;
				PRODUCT_BUNDLE_IDENTIFIER = "com.kvm.Streaming-Amazing";
				PRODUCT_NAME = "$(TARGET_NAME)";
				SWIFT_EMIT_LOC_STRINGS = YES;
				SWIFT_VERSION = 5.0;
				TARGETED_DEVICE_FAMILY = "1,2";
			};
			name = Debug;
		};
		811B5DDE2B371261004AF185 /* Release */ = {
			isa = XCBuildConfiguration;
			buildSettings = {
				ASSETCATALOG_COMPILER_APPICON_NAME = AppIcon;
				ASSETCATALOG_COMPILER_GLOBAL_ACCENT_COLOR_NAME = AccentColor;
				CODE_SIGN_STYLE = Automatic;
				CURRENT_PROJECT_VERSION = 1;
				DEVELOPMENT_ASSET_PATHS = "\"Streaming Amazing/Preview Content\"";
				DEVELOPMENT_TEAM = 7LW2N5TNNW;
				ENABLE_PREVIEWS = YES;
				ENABLE_USER_SCRIPT_SANDBOXING = NO;
				GENERATE_INFOPLIST_FILE = YES;
				INFOPLIST_FILE = "Streaming-Amazing-Info.plist";
				INFOPLIST_KEY_UIApplicationSceneManifest_Generation = YES;
				INFOPLIST_KEY_UIApplicationSupportsIndirectInputEvents = YES;
				INFOPLIST_KEY_UILaunchScreen_Generation = YES;
				INFOPLIST_KEY_UISupportedInterfaceOrientations = UIInterfaceOrientationPortrait;
				INFOPLIST_KEY_UISupportedInterfaceOrientations_iPad = "UIInterfaceOrientationLandscapeLeft UIInterfaceOrientationLandscapeRight UIInterfaceOrientationPortrait UIInterfaceOrientationPortraitUpsideDown";
				INFOPLIST_KEY_UIUserInterfaceStyle = Light;
				LD_RUNPATH_SEARCH_PATHS = (
					"$(inherited)",
					"@executable_path/Frameworks",
				);
				MARKETING_VERSION = 1.0;
				PRODUCT_BUNDLE_IDENTIFIER = "com.kvm.Streaming-Amazing";
				PRODUCT_NAME = "$(TARGET_NAME)";
				SWIFT_EMIT_LOC_STRINGS = YES;
				SWIFT_VERSION = 5.0;
				TARGETED_DEVICE_FAMILY = "1,2";
			};
			name = Release;
		};
/* End XCBuildConfiguration section */

/* Begin XCConfigurationList section */
		811B5DC92B371260004AF185 /* Build configuration list for PBXProject "Streaming Amazing" */ = {
			isa = XCConfigurationList;
			buildConfigurations = (
				811B5DDA2B371261004AF185 /* Debug */,
				811B5DDB2B371261004AF185 /* Release */,
			);
			defaultConfigurationIsVisible = 0;
			defaultConfigurationName = Release;
		};
		811B5DDC2B371261004AF185 /* Build configuration list for PBXNativeTarget "Streaming Amazing" */ = {
			isa = XCConfigurationList;
			buildConfigurations = (
				811B5DDD2B371261004AF185 /* Debug */,
				811B5DDE2B371261004AF185 /* Release */,
			);
			defaultConfigurationIsVisible = 0;
			defaultConfigurationName = Release;
		};
/* End XCConfigurationList section */

/* Begin XCRemoteSwiftPackageReference section */
		813870022B3A538900E30BD6 /* XCRemoteSwiftPackageReference "Alamofire" */ = {
			isa = XCRemoteSwiftPackageReference;
			repositoryURL = "https://github.com/Alamofire/Alamofire.git";
			requirement = {
				kind = upToNextMajorVersion;
				minimumVersion = 5.8.1;
			};
		};
		81C95E352B40532300671E71 /* XCRemoteSwiftPackageReference "GoogleSignIn-iOS" */ = {
			isa = XCRemoteSwiftPackageReference;
			repositoryURL = "https://github.com/google/GoogleSignIn-iOS";
			requirement = {
				kind = upToNextMajorVersion;
				minimumVersion = 7.0.0;
			};
		};
		81ECCBB32B46DAF8004190AC /* XCRemoteSwiftPackageReference "YouTubePlayerKit" */ = {
			isa = XCRemoteSwiftPackageReference;
			repositoryURL = "https://github.com/SvenTiigi/YouTubePlayerKit.git";
			requirement = {
				kind = upToNextMajorVersion;
				minimumVersion = 1.5.4;
			};
		};
/* End XCRemoteSwiftPackageReference section */

/* Begin XCSwiftPackageProductDependency section */
		813870032B3A538900E30BD6 /* Alamofire */ = {
			isa = XCSwiftPackageProductDependency;
			package = 813870022B3A538900E30BD6 /* XCRemoteSwiftPackageReference "Alamofire" */;
			productName = Alamofire;
		};
		81C95E362B40532400671E71 /* GoogleSignIn */ = {
			isa = XCSwiftPackageProductDependency;
			package = 81C95E352B40532300671E71 /* XCRemoteSwiftPackageReference "GoogleSignIn-iOS" */;
			productName = GoogleSignIn;
		};
		81C95E382B40532400671E71 /* GoogleSignInSwift */ = {
			isa = XCSwiftPackageProductDependency;
			package = 81C95E352B40532300671E71 /* XCRemoteSwiftPackageReference "GoogleSignIn-iOS" */;
			productName = GoogleSignInSwift;
		};
		81ECCBB42B46DAF8004190AC /* YouTubePlayerKit */ = {
			isa = XCSwiftPackageProductDependency;
			package = 81ECCBB32B46DAF8004190AC /* XCRemoteSwiftPackageReference "YouTubePlayerKit" */;
			productName = YouTubePlayerKit;
		};
/* End XCSwiftPackageProductDependency section */
	};
	rootObject = 811B5DC62B371260004AF185 /* Project object */;
}
